
Microsoft Visual Studio Solution File, Format Version 12.00
# Visual Studio Version 16
VisualStudioVersion = 25.0.1706.14
MinimumVisualStudioVersion = 10.0.40219.1
Project("{FAE04EC0-301F-11D3-BF4B-00C04F79EFBC}") = "2024Fall-Assignment1-scanderson6", "2024Fall-Assignment1-scanderson6.csproj", "{1274C30C-77A6-4506-9676-5C3558EF2698}"
EndProject
Global
	GlobalSection(SolutionConfigurationPlatforms) = preSolution
		Debug|Any CPU = Debug|Any CPU
		Release|Any CPU = Release|Any CPU
	EndGlobalSection
	GlobalSection(ProjectConfigurationPlatforms) = postSolution
		{1274C30C-77A6-4506-9676-5C3558EF2698}.Debug|Any CPU.ActiveCfg = Debug|Any CPU
		{1274C30C-77A6-4506-9676-5C3558EF2698}.Debug|Any CPU.Build.0 = Debug|Any CPU
		{1274C30C-77A6-4506-9676-5C3558EF2698}.Release|Any CPU.ActiveCfg = Release|Any CPU
		{1274C30C-77A6-4506-9676-5C3558EF2698}.Release|Any CPU.Build.0 = Release|Any CPU
	EndGlobalSection
	GlobalSection(SolutionProperties) = preSolution
		HideSolutionNode = FALSE
	EndGlobalSection
	GlobalSection(ExtensibilityGlobals) = postSolution
		SolutionGuid = {598DAD87-8A0B-4587-9ADF-8C3E3FFDCFE6}
	EndGlobalSection
EndGlobal
